
Microsoft Visual Studio Solution File, Format Version 12.00
# Visual Studio 15
VisualStudioVersion = 15.0.28010.2036
MinimumVisualStudioVersion = 10.0.40219.1
Project("{FAE04EC0-301F-11D3-BF4B-00C04F79EFBC}") = "Example.Training.GUI", "Example.Training.GUI\Example.Training.GUI.csproj", "{9B394AF3-346B-4BD3-922E-2B62A9AA7ED2}"
EndProject
Project("{FAE04EC0-301F-11D3-BF4B-00C04F79EFBC}") = "Example.ViDi.Suite.GUI.Plugin", "Example.Training.GUI.Plugin\Example.ViDi.Suite.GUI.Plugin.csproj", "{BC534EC4-6766-4439-AAFA-3E61C320E0F7}"
EndProject
Project("{FAE04EC0-301F-11D3-BF4B-00C04F79EFBC}") = "Example.Runtime.GUI", "Example.Runtime.GUI\Example.Runtime.GUI.csproj", "{6ECDF8E8-BDC5-48F9-A2A3-50F0B16CE00A}"
EndProject
Project("{8BC9CEB8-8B4A-11D0-8D11-00A0C91BC942}") = "Example.CPP.Runtime", "Example.CPP.Runtime\Example.CPP.Runtime.vcxproj", "{B7CBA800-F7EA-42F1-88CD-BA0C6BFCD7E0}"
EndProject
Project("{FAE04EC0-301F-11D3-BF4B-00C04F79EFBC}") = "Example.Runtime.Console", "Example.Runtime.Console\Example.Runtime.Console.csproj", "{10971DCC-FE3B-42D5-AC4D-F326F84FE3A0}"
EndProject
Project("{8BC9CEB8-8B4A-11D0-8D11-00A0C91BC942}") = "Example.Cpp.Buffer", "Example.Cpp.Buffer\Example.Cpp.Buffer.vcxproj", "{B9A32864-BB35-4D31-96D3-D7F8E97BC050}"
EndProject
Project("{8BC9CEB8-8B4A-11D0-8D11-00A0C91BC942}") = "Example.Cpp.ErrorHandling", "Example.Cpp.ErrorHandling\Example.Cpp.ErrorHandling.vcxproj", "{87F1E5EE-BD7C-468D-AD53-6C5B6361CE5F}"
EndProject
Project("{8BC9CEB8-8B4A-11D0-8D11-00A0C91BC942}") = "Example.Cpp.Image", "Example.Cpp.Image\Example.Cpp.Image.vcxproj", "{04CDDAAA-27F5-43F7-9029-107DD7B12A04}"
EndProject
Project("{FAE04EC0-301F-11D3-BF4B-00C04F79EFBC}") = "Example.Training.Console", "Example.Training.Console\Example.Training.Console.csproj", "{826E35CC-7C97-400E-93FB-F0D723695E21}"
EndProject
Project("{FAE04EC0-301F-11D3-BF4B-00C04F79EFBC}") = "Example.Runtime.Console.MultiGPU", "Example.Runtime.Console.MultiGPU\Example.Runtime.Console.MultiGPU.csproj", "{85E4BF72-2794-47D8-8E9A-CD6446AB0C10}"
EndProject
Project("{8BC9CEB8-8B4A-11D0-8D11-00A0C91BC942}") = "Example.CPP.Training.Blue", "Example.Cpp.Training.Blue\Example.CPP.Training.Blue.vcxproj", "{D00CC0CE-D8C1-4101-9431-0BA3D69D9259}"
EndProject
Project("{8BC9CEB8-8B4A-11D0-8D11-00A0C91BC942}") = "Example.CPP.Training.Red", "Example.Cpp.Training.Red\Example.CPP.Training.Red.vcxproj", "{7C016247-264B-4B2E-8EBD-FA9A1954DE9A}"
EndProject
Project("{FAE04EC0-301F-11D3-BF4B-00C04F79EFBC}") = "Example.VisionPro.Integration", "Example.VisionPro.Integration\Example.VisionPro.Integration.csproj", "{48B7B7A9-D910-49A4-88B3-4964A16A3A5F}"
EndProject
Project("{8BC9CEB8-8B4A-11D0-8D11-00A0C91BC942}") = "Example.CPP.Runtime.MultiGPU", "Example.CPP.Runtime.MultiGPU\Example.CPP.Runtime.MultiGPU.vcxproj", "{D2839D4A-C749-424D-B59B-230B625BC126}"
EndProject
Project("{FAE04EC0-301F-11D3-BF4B-00C04F79EFBC}") = "Example.Runtime.Parameters", "Example.Runtime.Parameters\Example.Runtime.Parameters.csproj", "{9F290C7B-DA2A-495E-89E4-BD1254F284D6}"
EndProject
Project("{FAE04EC0-301F-11D3-BF4B-00C04F79EFBC}") = "Example.Runtime.BlueRead", "Example.Runtime.BlueRead\Example.Runtime.BlueRead.csproj", "{F9247DB9-4B2A-4E70-8448-9F80B4A239FC}"
EndProject
Project("{FAE04EC0-301F-11D3-BF4B-00C04F79EFBC}") = "Example.Runtime.BlueReadChangeFeatureSize", "Example.Runtime.BlueReadChangeFeatureSize\Example.Runtime.BlueReadChangeFeatureSize.csproj", "{C65B90B1-AB72-479F-9678-BABB558D12B5}"
EndProject
Global
	GlobalSection(SolutionConfigurationPlatforms) = preSolution
		Debug|Any CPU = Debug|Any CPU
		Debug|x64 = Debug|x64
		Debug|x86 = Debug|x86
		Release|Any CPU = Release|Any CPU
		Release|x64 = Release|x64
		Release|x86 = Release|x86
	EndGlobalSection
	GlobalSection(ProjectConfigurationPlatforms) = postSolution
		{9B394AF3-346B-4BD3-922E-2B62A9AA7ED2}.Debug|Any CPU.ActiveCfg = Debug|Any CPU
		{9B394AF3-346B-4BD3-922E-2B62A9AA7ED2}.Debug|Any CPU.Build.0 = Debug|Any CPU
		{9B394AF3-346B-4BD3-922E-2B62A9AA7ED2}.Debug|x64.ActiveCfg = Debug|Any CPU
		{9B394AF3-346B-4BD3-922E-2B62A9AA7ED2}.Debug|x64.Build.0 = Debug|Any CPU
		{9B394AF3-346B-4BD3-922E-2B62A9AA7ED2}.Debug|x86.ActiveCfg = Debug|Any CPU
		{9B394AF3-346B-4BD3-922E-2B62A9AA7ED2}.Release|Any CPU.ActiveCfg = Release|Any CPU
		{9B394AF3-346B-4BD3-922E-2B62A9AA7ED2}.Release|Any CPU.Build.0 = Release|Any CPU
		{9B394AF3-346B-4BD3-922E-2B62A9AA7ED2}.Release|x64.ActiveCfg = Release|Any CPU
		{9B394AF3-346B-4BD3-922E-2B62A9AA7ED2}.Release|x64.Build.0 = Release|Any CPU
		{9B394AF3-346B-4BD3-922E-2B62A9AA7ED2}.Release|x86.ActiveCfg = Release|Any CPU
		{BC534EC4-6766-4439-AAFA-3E61C320E0F7}.Debug|Any CPU.ActiveCfg = Debug|Any CPU
		{BC534EC4-6766-4439-AAFA-3E61C320E0F7}.Debug|Any CPU.Build.0 = Debug|Any CPU
		{BC534EC4-6766-4439-AAFA-3E61C320E0F7}.Debug|x64.ActiveCfg = Debug|Any CPU
		{BC534EC4-6766-4439-AAFA-3E61C320E0F7}.Debug|x64.Build.0 = Debug|Any CPU
		{BC534EC4-6766-4439-AAFA-3E61C320E0F7}.Debug|x86.ActiveCfg = Debug|Any CPU
		{BC534EC4-6766-4439-AAFA-3E61C320E0F7}.Release|Any CPU.ActiveCfg = Release|Any CPU
		{BC534EC4-6766-4439-AAFA-3E61C320E0F7}.Release|Any CPU.Build.0 = Release|Any CPU
		{BC534EC4-6766-4439-AAFA-3E61C320E0F7}.Release|x64.ActiveCfg = Release|Any CPU
		{BC534EC4-6766-4439-AAFA-3E61C320E0F7}.Release|x64.Build.0 = Release|Any CPU
		{BC534EC4-6766-4439-AAFA-3E61C320E0F7}.Release|x86.ActiveCfg = Release|Any CPU
		{6ECDF8E8-BDC5-48F9-A2A3-50F0B16CE00A}.Debug|Any CPU.ActiveCfg = Debug|Any CPU
		{6ECDF8E8-BDC5-48F9-A2A3-50F0B16CE00A}.Debug|Any CPU.Build.0 = Debug|Any CPU
		{6ECDF8E8-BDC5-48F9-A2A3-50F0B16CE00A}.Debug|x64.ActiveCfg = Debug|Any CPU
		{6ECDF8E8-BDC5-48F9-A2A3-50F0B16CE00A}.Debug|x64.Build.0 = Debug|Any CPU
		{6ECDF8E8-BDC5-48F9-A2A3-50F0B16CE00A}.Debug|x86.ActiveCfg = Debug|Any CPU
		{6ECDF8E8-BDC5-48F9-A2A3-50F0B16CE00A}.Release|Any CPU.ActiveCfg = Release|Any CPU
		{6ECDF8E8-BDC5-48F9-A2A3-50F0B16CE00A}.Release|Any CPU.Build.0 = Release|Any CPU
		{6ECDF8E8-BDC5-48F9-A2A3-50F0B16CE00A}.Release|x64.ActiveCfg = Release|Any CPU
		{6ECDF8E8-BDC5-48F9-A2A3-50F0B16CE00A}.Release|x64.Build.0 = Release|Any CPU
		{6ECDF8E8-BDC5-48F9-A2A3-50F0B16CE00A}.Release|x86.ActiveCfg = Release|Any CPU
		{B7CBA800-F7EA-42F1-88CD-BA0C6BFCD7E0}.Debug|Any CPU.ActiveCfg = Debug|x64
		{B7CBA800-F7EA-42F1-88CD-BA0C6BFCD7E0}.Debug|Any CPU.Build.0 = Debug|x64
		{B7CBA800-F7EA-42F1-88CD-BA0C6BFCD7E0}.Debug|x64.ActiveCfg = Debug|x64
		{B7CBA800-F7EA-42F1-88CD-BA0C6BFCD7E0}.Debug|x64.Build.0 = Debug|x64
		{B7CBA800-F7EA-42F1-88CD-BA0C6BFCD7E0}.Debug|x86.ActiveCfg = Debug|x64
		{B7CBA800-F7EA-42F1-88CD-BA0C6BFCD7E0}.Release|Any CPU.ActiveCfg = Release|x64
		{B7CBA800-F7EA-42F1-88CD-BA0C6BFCD7E0}.Release|Any CPU.Build.0 = Release|x64
		{B7CBA800-F7EA-42F1-88CD-BA0C6BFCD7E0}.Release|x64.ActiveCfg = Release|x64
		{B7CBA800-F7EA-42F1-88CD-BA0C6BFCD7E0}.Release|x64.Build.0 = Release|x64
		{B7CBA800-F7EA-42F1-88CD-BA0C6BFCD7E0}.Release|x86.ActiveCfg = Release|x64
		{10971DCC-FE3B-42D5-AC4D-F326F84FE3A0}.Debug|Any CPU.ActiveCfg = Debug|Any CPU
		{10971DCC-FE3B-42D5-AC4D-F326F84FE3A0}.Debug|Any CPU.Build.0 = Debug|Any CPU
		{10971DCC-FE3B-42D5-AC4D-F326F84FE3A0}.Debug|x64.ActiveCfg = Debug|Any CPU
		{10971DCC-FE3B-42D5-AC4D-F326F84FE3A0}.Debug|x64.Build.0 = Debug|Any CPU
		{10971DCC-FE3B-42D5-AC4D-F326F84FE3A0}.Debug|x86.ActiveCfg = Debug|Any CPU
		{10971DCC-FE3B-42D5-AC4D-F326F84FE3A0}.Release|Any CPU.ActiveCfg = Release|Any CPU
		{10971DCC-FE3B-42D5-AC4D-F326F84FE3A0}.Release|Any CPU.Build.0 = Release|Any CPU
		{10971DCC-FE3B-42D5-AC4D-F326F84FE3A0}.Release|x64.ActiveCfg = Release|Any CPU
		{10971DCC-FE3B-42D5-AC4D-F326F84FE3A0}.Release|x64.Build.0 = Release|Any CPU
		{10971DCC-FE3B-42D5-AC4D-F326F84FE3A0}.Release|x86.ActiveCfg = Release|Any CPU
		{B9A32864-BB35-4D31-96D3-D7F8E97BC050}.Debug|Any CPU.ActiveCfg = Debug|x64
		{B9A32864-BB35-4D31-96D3-D7F8E97BC050}.Debug|Any CPU.Build.0 = Debug|x64
		{B9A32864-BB35-4D31-96D3-D7F8E97BC050}.Debug|x64.ActiveCfg = Debug|x64
		{B9A32864-BB35-4D31-96D3-D7F8E97BC050}.Debug|x64.Build.0 = Debug|x64
		{B9A32864-BB35-4D31-96D3-D7F8E97BC050}.Debug|x86.ActiveCfg = Debug|x64
		{B9A32864-BB35-4D31-96D3-D7F8E97BC050}.Release|Any CPU.ActiveCfg = Release|x64
		{B9A32864-BB35-4D31-96D3-D7F8E97BC050}.Release|Any CPU.Build.0 = Release|x64
		{B9A32864-BB35-4D31-96D3-D7F8E97BC050}.Release|x64.ActiveCfg = Release|x64
		{B9A32864-BB35-4D31-96D3-D7F8E97BC050}.Release|x64.Build.0 = Release|x64
		{B9A32864-BB35-4D31-96D3-D7F8E97BC050}.Release|x86.ActiveCfg = Release|x64
		{87F1E5EE-BD7C-468D-AD53-6C5B6361CE5F}.Debug|Any CPU.ActiveCfg = Debug|x64
		{87F1E5EE-BD7C-468D-AD53-6C5B6361CE5F}.Debug|Any CPU.Build.0 = Debug|x64
		{87F1E5EE-BD7C-468D-AD53-6C5B6361CE5F}.Debug|x64.ActiveCfg = Debug|x64
		{87F1E5EE-BD7C-468D-AD53-6C5B6361CE5F}.Debug|x64.Build.0 = Debug|x64
		{87F1E5EE-BD7C-468D-AD53-6C5B6361CE5F}.Debug|x86.ActiveCfg = Debug|x64
		{87F1E5EE-BD7C-468D-AD53-6C5B6361CE5F}.Release|Any CPU.ActiveCfg = Release|x64
		{87F1E5EE-BD7C-468D-AD53-6C5B6361CE5F}.Release|Any CPU.Build.0 = Release|x64
		{87F1E5EE-BD7C-468D-AD53-6C5B6361CE5F}.Release|x64.ActiveCfg = Release|x64
		{87F1E5EE-BD7C-468D-AD53-6C5B6361CE5F}.Release|x64.Build.0 = Release|x64
		{87F1E5EE-BD7C-468D-AD53-6C5B6361CE5F}.Release|x86.ActiveCfg = Release|x64
		{04CDDAAA-27F5-43F7-9029-107DD7B12A04}.Debug|Any CPU.ActiveCfg = Debug|x64
		{04CDDAAA-27F5-43F7-9029-107DD7B12A04}.Debug|Any CPU.Build.0 = Debug|x64
		{04CDDAAA-27F5-43F7-9029-107DD7B12A04}.Debug|x64.ActiveCfg = Debug|x64
		{04CDDAAA-27F5-43F7-9029-107DD7B12A04}.Debug|x64.Build.0 = Debug|x64
		{04CDDAAA-27F5-43F7-9029-107DD7B12A04}.Debug|x86.ActiveCfg = Debug|x64
		{04CDDAAA-27F5-43F7-9029-107DD7B12A04}.Release|Any CPU.ActiveCfg = Release|x64
		{04CDDAAA-27F5-43F7-9029-107DD7B12A04}.Release|Any CPU.Build.0 = Release|x64
		{04CDDAAA-27F5-43F7-9029-107DD7B12A04}.Release|x64.ActiveCfg = Release|x64
		{04CDDAAA-27F5-43F7-9029-107DD7B12A04}.Release|x64.Build.0 = Release|x64
		{04CDDAAA-27F5-43F7-9029-107DD7B12A04}.Release|x86.ActiveCfg = Release|x64
		{826E35CC-7C97-400E-93FB-F0D723695E21}.Debug|Any CPU.ActiveCfg = Debug|Any CPU
		{826E35CC-7C97-400E-93FB-F0D723695E21}.Debug|Any CPU.Build.0 = Debug|Any CPU
		{826E35CC-7C97-400E-93FB-F0D723695E21}.Debug|x64.ActiveCfg = Debug|Any CPU
		{826E35CC-7C97-400E-93FB-F0D723695E21}.Debug|x64.Build.0 = Debug|Any CPU
		{826E35CC-7C97-400E-93FB-F0D723695E21}.Debug|x86.ActiveCfg = Debug|Any CPU
		{826E35CC-7C97-400E-93FB-F0D723695E21}.Release|Any CPU.ActiveCfg = Release|Any CPU
		{826E35CC-7C97-400E-93FB-F0D723695E21}.Release|Any CPU.Build.0 = Release|Any CPU
		{826E35CC-7C97-400E-93FB-F0D723695E21}.Release|x64.ActiveCfg = Release|Any CPU
		{826E35CC-7C97-400E-93FB-F0D723695E21}.Release|x64.Build.0 = Release|Any CPU
		{826E35CC-7C97-400E-93FB-F0D723695E21}.Release|x86.ActiveCfg = Release|Any CPU
		{85E4BF72-2794-47D8-8E9A-CD6446AB0C10}.Debug|Any CPU.ActiveCfg = Debug|Any CPU
		{85E4BF72-2794-47D8-8E9A-CD6446AB0C10}.Debug|Any CPU.Build.0 = Debug|Any CPU
		{85E4BF72-2794-47D8-8E9A-CD6446AB0C10}.Debug|x64.ActiveCfg = Debug|Any CPU
		{85E4BF72-2794-47D8-8E9A-CD6446AB0C10}.Debug|x64.Build.0 = Debug|Any CPU
		{85E4BF72-2794-47D8-8E9A-CD6446AB0C10}.Debug|x86.ActiveCfg = Debug|Any CPU
		{85E4BF72-2794-47D8-8E9A-CD6446AB0C10}.Release|Any CPU.ActiveCfg = Release|Any CPU
		{85E4BF72-2794-47D8-8E9A-CD6446AB0C10}.Release|Any CPU.Build.0 = Release|Any CPU
		{85E4BF72-2794-47D8-8E9A-CD6446AB0C10}.Release|x64.ActiveCfg = Release|Any CPU
		{85E4BF72-2794-47D8-8E9A-CD6446AB0C10}.Release|x64.Build.0 = Release|Any CPU
		{85E4BF72-2794-47D8-8E9A-CD6446AB0C10}.Release|x86.ActiveCfg = Release|Any CPU
		{D00CC0CE-D8C1-4101-9431-0BA3D69D9259}.Debug|Any CPU.ActiveCfg = Debug|x64
		{D00CC0CE-D8C1-4101-9431-0BA3D69D9259}.Debug|Any CPU.Build.0 = Debug|x64
		{D00CC0CE-D8C1-4101-9431-0BA3D69D9259}.Debug|x64.ActiveCfg = Debug|x64
		{D00CC0CE-D8C1-4101-9431-0BA3D69D9259}.Debug|x64.Build.0 = Debug|x64
		{D00CC0CE-D8C1-4101-9431-0BA3D69D9259}.Debug|x86.ActiveCfg = Debug|x64
		{D00CC0CE-D8C1-4101-9431-0BA3D69D9259}.Release|Any CPU.ActiveCfg = Release|x64
		{D00CC0CE-D8C1-4101-9431-0BA3D69D9259}.Release|Any CPU.Build.0 = Release|x64
		{D00CC0CE-D8C1-4101-9431-0BA3D69D9259}.Release|x64.ActiveCfg = Release|x64
		{D00CC0CE-D8C1-4101-9431-0BA3D69D9259}.Release|x64.Build.0 = Release|x64
		{D00CC0CE-D8C1-4101-9431-0BA3D69D9259}.Release|x86.ActiveCfg = Release|x64
		{7C016247-264B-4B2E-8EBD-FA9A1954DE9A}.Debug|Any CPU.ActiveCfg = Debug|x64
		{7C016247-264B-4B2E-8EBD-FA9A1954DE9A}.Debug|Any CPU.Build.0 = Debug|x64
		{7C016247-264B-4B2E-8EBD-FA9A1954DE9A}.Debug|x64.ActiveCfg = Debug|x64
		{7C016247-264B-4B2E-8EBD-FA9A1954DE9A}.Debug|x64.Build.0 = Debug|x64
		{7C016247-264B-4B2E-8EBD-FA9A1954DE9A}.Debug|x86.ActiveCfg = Debug|x64
		{7C016247-264B-4B2E-8EBD-FA9A1954DE9A}.Release|Any CPU.ActiveCfg = Release|x64
		{7C016247-264B-4B2E-8EBD-FA9A1954DE9A}.Release|Any CPU.Build.0 = Release|x64
		{7C016247-264B-4B2E-8EBD-FA9A1954DE9A}.Release|x64.ActiveCfg = Release|x64
		{7C016247-264B-4B2E-8EBD-FA9A1954DE9A}.Release|x64.Build.0 = Release|x64
		{7C016247-264B-4B2E-8EBD-FA9A1954DE9A}.Release|x86.ActiveCfg = Release|x64
		{48B7B7A9-D910-49A4-88B3-4964A16A3A5F}.Debug|Any CPU.ActiveCfg = Debug|Any CPU
		{48B7B7A9-D910-49A4-88B3-4964A16A3A5F}.Debug|Any CPU.Build.0 = Debug|Any CPU
		{48B7B7A9-D910-49A4-88B3-4964A16A3A5F}.Debug|x64.ActiveCfg = Debug|Any CPU
		{48B7B7A9-D910-49A4-88B3-4964A16A3A5F}.Debug|x64.Build.0 = Debug|Any CPU
		{48B7B7A9-D910-49A4-88B3-4964A16A3A5F}.Debug|x86.ActiveCfg = Debug|Any CPU
		{48B7B7A9-D910-49A4-88B3-4964A16A3A5F}.Debug|x86.Build.0 = Debug|Any CPU
		{48B7B7A9-D910-49A4-88B3-4964A16A3A5F}.Release|Any CPU.ActiveCfg = Release|Any CPU
		{48B7B7A9-D910-49A4-88B3-4964A16A3A5F}.Release|Any CPU.Build.0 = Release|Any CPU
		{48B7B7A9-D910-49A4-88B3-4964A16A3A5F}.Release|x64.ActiveCfg = Release|Any CPU
		{48B7B7A9-D910-49A4-88B3-4964A16A3A5F}.Release|x64.Build.0 = Release|Any CPU
		{48B7B7A9-D910-49A4-88B3-4964A16A3A5F}.Release|x86.ActiveCfg = Release|Any CPU
		{48B7B7A9-D910-49A4-88B3-4964A16A3A5F}.Release|x86.Build.0 = Release|Any CPU
		{D2839D4A-C749-424D-B59B-230B625BC126}.Debug|Any CPU.ActiveCfg = Debug|x64
		{D2839D4A-C749-424D-B59B-230B625BC126}.Debug|Any CPU.Build.0 = Debug|x64
		{D2839D4A-C749-424D-B59B-230B625BC126}.Debug|x64.ActiveCfg = Debug|x64
		{D2839D4A-C749-424D-B59B-230B625BC126}.Debug|x64.Build.0 = Debug|x64
		{D2839D4A-C749-424D-B59B-230B625BC126}.Debug|x86.ActiveCfg = Debug|x64
		{D2839D4A-C749-424D-B59B-230B625BC126}.Release|Any CPU.ActiveCfg = Release|x64
		{D2839D4A-C749-424D-B59B-230B625BC126}.Release|Any CPU.Build.0 = Release|x64
		{D2839D4A-C749-424D-B59B-230B625BC126}.Release|x64.ActiveCfg = Release|x64
		{D2839D4A-C749-424D-B59B-230B625BC126}.Release|x64.Build.0 = Release|x64
		{D2839D4A-C749-424D-B59B-230B625BC126}.Release|x86.ActiveCfg = Release|x64
		{9F290C7B-DA2A-495E-89E4-BD1254F284D6}.Debug|Any CPU.ActiveCfg = Debug|Any CPU
		{9F290C7B-DA2A-495E-89E4-BD1254F284D6}.Debug|Any CPU.Build.0 = Debug|Any CPU
		{9F290C7B-DA2A-495E-89E4-BD1254F284D6}.Debug|x64.ActiveCfg = Debug|Any CPU
		{9F290C7B-DA2A-495E-89E4-BD1254F284D6}.Debug|x64.Build.0 = Debug|Any CPU
		{9F290C7B-DA2A-495E-89E4-BD1254F284D6}.Debug|x86.ActiveCfg = Debug|Any CPU
		{9F290C7B-DA2A-495E-89E4-BD1254F284D6}.Release|Any CPU.ActiveCfg = Release|Any CPU
		{9F290C7B-DA2A-495E-89E4-BD1254F284D6}.Release|Any CPU.Build.0 = Release|Any CPU
		{9F290C7B-DA2A-495E-89E4-BD1254F284D6}.Release|x64.ActiveCfg = Release|Any CPU
		{9F290C7B-DA2A-495E-89E4-BD1254F284D6}.Release|x64.Build.0 = Release|Any CPU
		{9F290C7B-DA2A-495E-89E4-BD1254F284D6}.Release|x86.ActiveCfg = Release|Any CPU
		{F9247DB9-4B2A-4E70-8448-9F80B4A239FC}.Debug|Any CPU.ActiveCfg = Debug|Any CPU
		{F9247DB9-4B2A-4E70-8448-9F80B4A239FC}.Debug|Any CPU.Build.0 = Debug|Any CPU
		{F9247DB9-4B2A-4E70-8448-9F80B4A239FC}.Debug|x64.ActiveCfg = Debug|Any CPU
		{F9247DB9-4B2A-4E70-8448-9F80B4A239FC}.Debug|x64.Build.0 = Debug|Any CPU
		{F9247DB9-4B2A-4E70-8448-9F80B4A239FC}.Debug|x86.ActiveCfg = Debug|Any CPU
		{F9247DB9-4B2A-4E70-8448-9F80B4A239FC}.Debug|x86.Build.0 = Debug|Any CPU
		{F9247DB9-4B2A-4E70-8448-9F80B4A239FC}.Release|Any CPU.ActiveCfg = Release|Any CPU
		{F9247DB9-4B2A-4E70-8448-9F80B4A239FC}.Release|Any CPU.Build.0 = Release|Any CPU
		{F9247DB9-4B2A-4E70-8448-9F80B4A239FC}.Release|x64.ActiveCfg = Release|Any CPU
		{F9247DB9-4B2A-4E70-8448-9F80B4A239FC}.Release|x64.Build.0 = Release|Any CPU
		{F9247DB9-4B2A-4E70-8448-9F80B4A239FC}.Release|x86.ActiveCfg = Release|Any CPU
		{F9247DB9-4B2A-4E70-8448-9F80B4A239FC}.Release|x86.Build.0 = Release|Any CPU
		{C65B90B1-AB72-479F-9678-BABB558D12B5}.Debug|Any CPU.ActiveCfg = Debug|Any CPU
		{C65B90B1-AB72-479F-9678-BABB558D12B5}.Debug|Any CPU.Build.0 = Debug|Any CPU
		{C65B90B1-AB72-479F-9678-BABB558D12B5}.Debug|x64.ActiveCfg = Debug|Any CPU
		{C65B90B1-AB72-479F-9678-BABB558D12B5}.Debug|x64.Build.0 = Debug|Any CPU
		{C65B90B1-AB72-479F-9678-BABB558D12B5}.Debug|x86.ActiveCfg = Debug|Any CPU
		{C65B90B1-AB72-479F-9678-BABB558D12B5}.Debug|x86.Build.0 = Debug|Any CPU
		{C65B90B1-AB72-479F-9678-BABB558D12B5}.Release|Any CPU.ActiveCfg = Release|Any CPU
		{C65B90B1-AB72-479F-9678-BABB558D12B5}.Release|Any CPU.Build.0 = Release|Any CPU
		{C65B90B1-AB72-479F-9678-BABB558D12B5}.Release|x64.ActiveCfg = Release|Any CPU
		{C65B90B1-AB72-479F-9678-BABB558D12B5}.Release|x64.Build.0 = Release|Any CPU
		{C65B90B1-AB72-479F-9678-BABB558D12B5}.Release|x86.ActiveCfg = Release|Any CPU
		{C65B90B1-AB72-479F-9678-BABB558D12B5}.Release|x86.Build.0 = Release|Any CPU
	EndGlobalSection
	GlobalSection(SolutionProperties) = preSolution
		HideSolutionNode = FALSE
	EndGlobalSection
	GlobalSection(ExtensibilityGlobals) = postSolution
		SolutionGuid = {F0759ABB-F7B0-45C8-BB62-9C7B37620F1A}
	EndGlobalSection
	GlobalSection(MonoDevelopProperties) = preSolution
		Policies = $0
		$0.DotNetNamingPolicy = $1
		$1.DirectoryNamespaceAssociation = None
		$1.ResourceNamePolicy = FileFormatDefault
		$0.StandardHeader = $2
		$2.Text = 
		$2.IncludeInNewFiles = True
		$0.NameConventionPolicy = $3
		$3.Rules = $4
		$4.NamingRule = $24
		$5.Name = Namespaces
		$5.AffectedEntity = Namespace
		$5.VisibilityMask = VisibilityMask
		$5.NamingStyle = PascalCase
		$5.IncludeInstanceMembers = True
		$5.IncludeStaticEntities = True
		$6.Name = Types
		$6.AffectedEntity = Class, Struct, Enum, Delegate
		$6.VisibilityMask = Public
		$6.NamingStyle = PascalCase
		$6.IncludeInstanceMembers = True
		$6.IncludeStaticEntities = True
		$7.Name = Interfaces
		$7.RequiredPrefixes = $8
		$8.String = I
		$7.AffectedEntity = Interface
		$7.VisibilityMask = Public
		$7.NamingStyle = PascalCase
		$7.IncludeInstanceMembers = True
		$7.IncludeStaticEntities = True
		$9.Name = Attributes
		$9.RequiredSuffixes = $10
		$10.String = Attribute
		$9.AffectedEntity = CustomAttributes
		$9.VisibilityMask = Public
		$9.NamingStyle = PascalCase
		$9.IncludeInstanceMembers = True
		$9.IncludeStaticEntities = True
		$11.Name = Event Arguments
		$11.RequiredSuffixes = $12
		$12.String = EventArgs
		$11.AffectedEntity = CustomEventArgs
		$11.VisibilityMask = Public
		$11.NamingStyle = PascalCase
		$11.IncludeInstanceMembers = True
		$11.IncludeStaticEntities = True
		$13.Name = Exceptions
		$13.RequiredSuffixes = $14
		$14.String = Exception
		$13.AffectedEntity = CustomExceptions
		$13.VisibilityMask = VisibilityMask
		$13.NamingStyle = PascalCase
		$13.IncludeInstanceMembers = True
		$13.IncludeStaticEntities = True
		$15.Name = Methods
		$15.AffectedEntity = Methods
		$15.VisibilityMask = Protected, Public
		$15.NamingStyle = PascalCase
		$15.IncludeInstanceMembers = True
		$15.IncludeStaticEntities = True
		$16.Name = Static Readonly Fields
		$16.AffectedEntity = ReadonlyField
		$16.VisibilityMask = Protected, Public
		$16.NamingStyle = PascalCase
		$16.IncludeInstanceMembers = False
		$16.IncludeStaticEntities = True
		$17.Name = Fields
		$17.AffectedEntity = Field
		$17.VisibilityMask = Protected, Public
		$17.NamingStyle = PascalCase
		$17.IncludeInstanceMembers = True
		$17.IncludeStaticEntities = True
		$18.Name = ReadOnly Fields
		$18.AffectedEntity = ReadonlyField
		$18.VisibilityMask = Protected, Public
		$18.NamingStyle = PascalCase
		$18.IncludeInstanceMembers = True
		$18.IncludeStaticEntities = False
		$19.Name = Constant Fields
		$19.AffectedEntity = ConstantField
		$19.VisibilityMask = Protected, Public
		$19.NamingStyle = PascalCase
		$19.IncludeInstanceMembers = True
		$19.IncludeStaticEntities = True
		$20.Name = Properties
		$20.AffectedEntity = Property
		$20.VisibilityMask = Protected, Public
		$20.NamingStyle = PascalCase
		$20.IncludeInstanceMembers = True
		$20.IncludeStaticEntities = True
		$21.Name = Events
		$21.AffectedEntity = Event
		$21.VisibilityMask = Protected, Public
		$21.NamingStyle = PascalCase
		$21.IncludeInstanceMembers = True
		$21.IncludeStaticEntities = True
		$22.Name = Enum Members
		$22.AffectedEntity = EnumMember
		$22.VisibilityMask = VisibilityMask
		$22.NamingStyle = PascalCase
		$22.IncludeInstanceMembers = True
		$22.IncludeStaticEntities = True
		$23.Name = Parameters
		$23.AffectedEntity = Parameter
		$23.VisibilityMask = VisibilityMask
		$23.NamingStyle = CamelCase
		$23.IncludeInstanceMembers = True
		$23.IncludeStaticEntities = True
		$24.Name = Type Parameters
		$24.RequiredPrefixes = $25
		$25.String = T
		$24.AffectedEntity = TypeParameter
		$24.VisibilityMask = VisibilityMask
		$24.NamingStyle = PascalCase
		$24.IncludeInstanceMembers = True
		$24.IncludeStaticEntities = True
		StartupItem = ..\Examples\example_training_api_server\example_training_api_server.csproj
	EndGlobalSection
EndGlobal
